# THIS IS AN AUTOGENERATED FILE. DO NOT EDIT THIS FILE DIRECTLY.
# yarn lockfile v1


medium-editor-custom-html@^1.1.0:
  version "1.1.0"
  resolved "https://registry.yarnpkg.com/medium-editor-custom-html/-/medium-editor-custom-html-1.1.0.tgz#727185e107730f510a398100a58eae5c33cdfdaf"

medium-editor@5.23.0:
  version "5.23.0"
  resolved "https://registry.yarnpkg.com/medium-editor/-/medium-editor-5.23.0.tgz#7d16c15cdf152b95ced2a583bf07203e8539a3c6"
